
Microsoft Visual Studio Solution File, Format Version 12.00
# Visual Studio Version 16
VisualStudioVersion = 16.0.29613.14
MinimumVisualStudioVersion = 10.0.40219.1
Project("{888888A0-9F3D-457C-B088-3A5042F75D52}") = "Assignment 4080", "Assignment 4080\Assignment 4080.pyproj", "{A5356BF4-8EA2-4F15-8D0E-16E6BF31E5B6}"
EndProject
Global
	GlobalSection(SolutionConfigurationPlatforms) = preSolution
		Debug|Any CPU = Debug|Any CPU
		Release|Any CPU = Release|Any CPU
	EndGlobalSection
	GlobalSection(ProjectConfigurationPlatforms) = postSolution
		{A5356BF4-8EA2-4F15-8D0E-16E6BF31E5B6}.Debug|Any CPU.ActiveCfg = Debug|Any CPU
		{A5356BF4-8EA2-4F15-8D0E-16E6BF31E5B6}.Debug|Any CPU.Build.0 = Debug|Any CPU
		{A5356BF4-8EA2-4F15-8D0E-16E6BF31E5B6}.Release|Any CPU.ActiveCfg = Release|Any CPU
		{A5356BF4-8EA2-4F15-8D0E-16E6BF31E5B6}.Release|Any CPU.Build.0 = Release|Any CPU
	EndGlobalSection
	GlobalSection(SolutionProperties) = preSolution
		HideSolutionNode = FALSE
	EndGlobalSection
	GlobalSection(ExtensibilityGlobals) = postSolution
		SolutionGuid = {D9FA42FE-D90F-4D4B-A85F-0E3EFAC6DCFA}
	EndGlobalSection
EndGlobal
